
Microsoft Visual Studio Solution File, Format Version 12.00
# Visual Studio Version 17
VisualStudioVersion = 17.0.31903.59
MinimumVisualStudioVersion = 10.0.40219.1
Project("{2150E333-8FDC-42A3-9474-1A3956D46DE8}") = "CSharp", "CSharp", "{B41BF331-FCCB-2ADF-CDB6-767964B34647}"
EndProject
Project("{FAE04EC0-301F-11D3-BF4B-00C04F79EFBC}") = "Basics", "CSharp\Basics\Basics.csproj", "{25F39A61-ECD3-46C7-8A97-C628D03681CC}"
EndProject
Project("{FAE04EC0-301F-11D3-BF4B-00C04F79EFBC}") = "FizzBuzz", "CSharp\FizzBuzz\FizzBuzz.csproj", "{3B58AC50-1A79-4D59-A4C3-5EA4607D9D01}"
EndProject
Project("{FAE04EC0-301F-11D3-BF4B-00C04F79EFBC}") = "FizzBuzz.Test", "CSharp\FizzBuzz.Test\FizzBuzz.Test.csproj", "{1FAF0E58-E2BA-444F-B113-EDFC3DCBEDCD}"
EndProject
Global
	GlobalSection(SolutionConfigurationPlatforms) = preSolution
		Debug|Any CPU = Debug|Any CPU
		Debug|x64 = Debug|x64
		Debug|x86 = Debug|x86
		Release|Any CPU = Release|Any CPU
		Release|x64 = Release|x64
		Release|x86 = Release|x86
	EndGlobalSection
	GlobalSection(ProjectConfigurationPlatforms) = postSolution
		{25F39A61-ECD3-46C7-8A97-C628D03681CC}.Debug|Any CPU.ActiveCfg = Debug|Any CPU
		{25F39A61-ECD3-46C7-8A97-C628D03681CC}.Debug|Any CPU.Build.0 = Debug|Any CPU
		{25F39A61-ECD3-46C7-8A97-C628D03681CC}.Debug|x64.ActiveCfg = Debug|Any CPU
		{25F39A61-ECD3-46C7-8A97-C628D03681CC}.Debug|x64.Build.0 = Debug|Any CPU
		{25F39A61-ECD3-46C7-8A97-C628D03681CC}.Debug|x86.ActiveCfg = Debug|Any CPU
		{25F39A61-ECD3-46C7-8A97-C628D03681CC}.Debug|x86.Build.0 = Debug|Any CPU
		{25F39A61-ECD3-46C7-8A97-C628D03681CC}.Release|Any CPU.ActiveCfg = Release|Any CPU
		{25F39A61-ECD3-46C7-8A97-C628D03681CC}.Release|Any CPU.Build.0 = Release|Any CPU
		{25F39A61-ECD3-46C7-8A97-C628D03681CC}.Release|x64.ActiveCfg = Release|Any CPU
		{25F39A61-ECD3-46C7-8A97-C628D03681CC}.Release|x64.Build.0 = Release|Any CPU
		{25F39A61-ECD3-46C7-8A97-C628D03681CC}.Release|x86.ActiveCfg = Release|Any CPU
		{25F39A61-ECD3-46C7-8A97-C628D03681CC}.Release|x86.Build.0 = Release|Any CPU
		{3B58AC50-1A79-4D59-A4C3-5EA4607D9D01}.Debug|Any CPU.ActiveCfg = Debug|Any CPU
		{3B58AC50-1A79-4D59-A4C3-5EA4607D9D01}.Debug|Any CPU.Build.0 = Debug|Any CPU
		{3B58AC50-1A79-4D59-A4C3-5EA4607D9D01}.Debug|x64.ActiveCfg = Debug|Any CPU
		{3B58AC50-1A79-4D59-A4C3-5EA4607D9D01}.Debug|x64.Build.0 = Debug|Any CPU
		{3B58AC50-1A79-4D59-A4C3-5EA4607D9D01}.Debug|x86.ActiveCfg = Debug|Any CPU
		{3B58AC50-1A79-4D59-A4C3-5EA4607D9D01}.Debug|x86.Build.0 = Debug|Any CPU
		{3B58AC50-1A79-4D59-A4C3-5EA4607D9D01}.Release|Any CPU.ActiveCfg = Release|Any CPU
		{3B58AC50-1A79-4D59-A4C3-5EA4607D9D01}.Release|Any CPU.Build.0 = Release|Any CPU
		{3B58AC50-1A79-4D59-A4C3-5EA4607D9D01}.Release|x64.ActiveCfg = Release|Any CPU
		{3B58AC50-1A79-4D59-A4C3-5EA4607D9D01}.Release|x64.Build.0 = Release|Any CPU
		{3B58AC50-1A79-4D59-A4C3-5EA4607D9D01}.Release|x86.ActiveCfg = Release|Any CPU
		{3B58AC50-1A79-4D59-A4C3-5EA4607D9D01}.Release|x86.Build.0 = Release|Any CPU
		{1FAF0E58-E2BA-444F-B113-EDFC3DCBEDCD}.Debug|Any CPU.ActiveCfg = Debug|Any CPU
		{1FAF0E58-E2BA-444F-B113-EDFC3DCBEDCD}.Debug|Any CPU.Build.0 = Debug|Any CPU
		{1FAF0E58-E2BA-444F-B113-EDFC3DCBEDCD}.Debug|x64.ActiveCfg = Debug|Any CPU
		{1FAF0E58-E2BA-444F-B113-EDFC3DCBEDCD}.Debug|x64.Build.0 = Debug|Any CPU
		{1FAF0E58-E2BA-444F-B113-EDFC3DCBEDCD}.Debug|x86.ActiveCfg = Debug|Any CPU
		{1FAF0E58-E2BA-444F-B113-EDFC3DCBEDCD}.Debug|x86.Build.0 = Debug|Any CPU
		{1FAF0E58-E2BA-444F-B113-EDFC3DCBEDCD}.Release|Any CPU.ActiveCfg = Release|Any CPU
		{1FAF0E58-E2BA-444F-B113-EDFC3DCBEDCD}.Release|Any CPU.Build.0 = Release|Any CPU
		{1FAF0E58-E2BA-444F-B113-EDFC3DCBEDCD}.Release|x64.ActiveCfg = Release|Any CPU
		{1FAF0E58-E2BA-444F-B113-EDFC3DCBEDCD}.Release|x64.Build.0 = Release|Any CPU
		{1FAF0E58-E2BA-444F-B113-EDFC3DCBEDCD}.Release|x86.ActiveCfg = Release|Any CPU
		{1FAF0E58-E2BA-444F-B113-EDFC3DCBEDCD}.Release|x86.Build.0 = Release|Any CPU
	EndGlobalSection
	GlobalSection(SolutionProperties) = preSolution
		HideSolutionNode = FALSE
	EndGlobalSection
	GlobalSection(NestedProjects) = preSolution
		{25F39A61-ECD3-46C7-8A97-C628D03681CC} = {B41BF331-FCCB-2ADF-CDB6-767964B34647}
		{3B58AC50-1A79-4D59-A4C3-5EA4607D9D01} = {B41BF331-FCCB-2ADF-CDB6-767964B34647}
		{1FAF0E58-E2BA-444F-B113-EDFC3DCBEDCD} = {B41BF331-FCCB-2ADF-CDB6-767964B34647}
	EndGlobalSection
EndGlobal
